lockfileVersion: '9.0'

settings:
  autoInstallPeers: true
  excludeLinksFromLockfile: false

importers:

  .:
    dependencies:
      before-exit:
        specifier: 1.0.0
        version: 1.0.0
      hemi-viem:
        specifier: 1.1.0
        version: 1.1.0
      redis:
        specifier: 4.6.15
        version: 4.6.15
      viem:
        specifier: 2.17.3
        version: 2.17.3

packages:

  '@adraffy/ens-normalize@1.10.0':
    resolution: {integrity: sha512-nA9XHtlAkYfJxY7bce8DcN7eKxWWCWkU+1GR9d+U6MbNpfwQp8TI7vqOsBsMcHoT4mBu2kypKoSKnghEzOOq5Q==}

  '@noble/curves@1.4.0':
    resolution: {integrity: sha512-p+4cb332SFCrReJkCYe8Xzm0OWi4Jji5jVdIZRL/PmacmDkFNw6MrrV+gGpiPxLHbV+zKFRywUWbaseT+tZRXg==}

  '@noble/hashes@1.4.0':
    resolution: {integrity: sha512-V1JJ1WTRUqHHrOSh597hURcMqVKVGL/ea3kv0gSnEdsEZ0/+VyPghM1lMNGc00z7CIQorSvbKpuJkxvuHbvdbg==}
    engines: {node: '>= 16'}

  '@redis/bloom@1.2.0':
    resolution: {integrity: sha512-HG2DFjYKbpNmVXsa0keLHp/3leGJz1mjh09f2RLGGLQZzSHpkmZWuwJbAvo3QcRY8p80m5+ZdXZdYOSBLlp7Cg==}
    peerDependencies:
      '@redis/client': ^1.0.0

  '@redis/client@1.5.17':
    resolution: {integrity: sha512-IPvU9A31qRCZ7lds/x+ksuK/UMndd0EASveAvCvEtFFKIZjZ+m/a4a0L7S28KEWoR5ka8526hlSghDo4Hrc2Hg==}
    engines: {node: '>=14'}

  '@redis/graph@1.1.1':
    resolution: {integrity: sha512-FEMTcTHZozZciLRl6GiiIB4zGm5z5F3F6a6FZCyrfxdKOhFlGkiAqlexWMBzCi4DcRoyiOsuLfW+cjlGWyExOw==}
    peerDependencies:
      '@redis/client': ^1.0.0

  '@redis/json@1.0.6':
    resolution: {integrity: sha512-rcZO3bfQbm2zPRpqo82XbW8zg4G/w4W3tI7X8Mqleq9goQjAGLL7q/1n1ZX4dXEAmORVZ4s1+uKLaUOg7LrUhw==}
    peerDependencies:
      '@redis/client': ^1.0.0

  '@redis/search@1.1.6':
    resolution: {integrity: sha512-mZXCxbTYKBQ3M2lZnEddwEAks0Kc7nauire8q20oA0oA/LoA+E/b5Y5KZn232ztPb1FkIGqo12vh3Lf+Vw5iTw==}
    peerDependencies:
      '@redis/client': ^1.0.0

  '@redis/time-series@1.0.5':
    resolution: {integrity: sha512-IFjIgTusQym2B5IZJG3XKr5llka7ey84fw/NOYqESP5WUfQs9zz1ww/9+qoz4ka/S6KcGBodzlCeZ5UImKbscg==}
    peerDependencies:
      '@redis/client': ^1.0.0

  '@scure/base@1.1.7':
    resolution: {integrity: sha512-PPNYBslrLNNUQ/Yad37MHYsNQtK67EhWb6WtSvNLLPo7SdVZgkUjD6Dg+5On7zNwmskf8OX7I7Nx5oN+MIWE0g==}

  '@scure/bip32@1.4.0':
    resolution: {integrity: sha512-sVUpc0Vq3tXCkDGYVWGIZTRfnvu8LoTDaev7vbwh0omSvVORONr960MQWdKqJDCReIEmTj3PAr73O3aoxz7OPg==}

  '@scure/bip39@1.3.0':
    resolution: {integrity: sha512-disdg7gHuTDZtY+ZdkmLpPCk7fxZSu3gBiEGuoC1XYxv9cGx3Z6cpTggCgW6odSOOIXCiDjuGejW+aJKCY/pIQ==}

  abitype@1.0.5:
    resolution: {integrity: sha512-YzDhti7cjlfaBhHutMaboYB21Ha3rXR9QTkNJFzYC4kC8YclaiwPBBBJY8ejFdu2wnJeZCVZSMlQJ7fi8S6hsw==}
    peerDependencies:
      typescript: '>=5.0.4'
      zod: ^3 >=3.22.0
    peerDependenciesMeta:
      typescript:
        optional: true
      zod:
        optional: true

  before-exit@1.0.0:
    resolution: {integrity: sha512-Lx2bHILLlF5/HZbJpuJF39DMaIQWzAPaReN3Dd+mp+f+Z3dzc3eZdKp0aWh9vPC7p0KJU1xm9DHft9/vPsEMIg==}
    engines: {node: '>=4.0.0'}

  cluster-key-slot@1.1.2:
    resolution: {integrity: sha512-RMr0FhtfXemyinomL4hrWcYJxmX6deFdCxpJzhDttxgO1+bcCnkk+9drydLVDmAMG7NE6aN/fl4F7ucU/90gAA==}
    engines: {node: '>=0.10.0'}

  generic-pool@3.9.0:
    resolution: {integrity: sha512-hymDOu5B53XvN4QT9dBmZxPX4CWhBPPLguTZ9MMFeFa/Kg0xWVfylOVNlJji/E7yTZWFd/q9GO5TxDLq156D7g==}
    engines: {node: '>= 4'}

  hemi-viem@1.1.0:
    resolution: {integrity: sha512-ih8oPB2+bZSE6yDJdAUFG18cok2rVU5Zh5ReQC58I7b/B6x2gjs/DDEeqrdLgOB3unEmDNuwVubWzy0CllBzwA==}

  isows@1.0.4:
    resolution: {integrity: sha512-hEzjY+x9u9hPmBom9IIAqdJCwNLax+xrPb51vEPpERoFlIxgmZcHzsT5jKG06nvInKOBGvReAVz80Umed5CczQ==}
    peerDependencies:
      ws: '*'

  redis@4.6.15:
    resolution: {integrity: sha512-2NtuOpMW3tnYzBw6S8mbXSX7RPzvVFCA2wFJq9oErushO2UeBkxObk+uvo7gv7n0rhWeOj/IzrHO8TjcFlRSOg==}

  viem@2.17.3:
    resolution: {integrity: sha512-FY/1uBQWfko4Esy8mU1RamvL64TLy91LZwFyQJ20E6AI3vTTEOctWfSn0pkMKa3okq4Gxs5dJE7q1hmWOQ7xcw==}
    peerDependencies:
      typescript: '>=5.0.4'
    peerDependenciesMeta:
      typescript:
        optional: true

  ws@8.17.1:
    resolution: {integrity: sha512-6XQFvXTkbfUOZOKKILFG1PDK2NDQs4azKQl26T0YS5CxqWLgXajbPZ+h4gZekJyRqFU8pvnbAbbs/3TgRPy+GQ==}
    engines: {node: '>=10.0.0'}
    peerDependencies:
      bufferutil: ^4.0.1
      utf-8-validate: '>=5.0.2'
    peerDependenciesMeta:
      bufferutil:
        optional: true
      utf-8-validate:
        optional: true

  yallist@4.0.0:
    resolution: {integrity: sha512-3wdGidZyq5PB084XLES5TpOSRA3wjXAlIWMhum2kRcv/41Sn2emQ0dycQW4uZXLejwKvg6EsvbdlVL+FYEct7A==}

snapshots:

  '@adraffy/ens-normalize@1.10.0': {}

  '@noble/curves@1.4.0':
    dependencies:
      '@noble/hashes': 1.4.0

  '@noble/hashes@1.4.0': {}

  '@redis/bloom@1.2.0(@redis/client@1.5.17)':
    dependencies:
      '@redis/client': 1.5.17

  '@redis/client@1.5.17':
    dependencies:
      cluster-key-slot: 1.1.2
      generic-pool: 3.9.0
      yallist: 4.0.0

  '@redis/graph@1.1.1(@redis/client@1.5.17)':
    dependencies:
      '@redis/client': 1.5.17

  '@redis/json@1.0.6(@redis/client@1.5.17)':
    dependencies:
      '@redis/client': 1.5.17

  '@redis/search@1.1.6(@redis/client@1.5.17)':
    dependencies:
      '@redis/client': 1.5.17

  '@redis/time-series@1.0.5(@redis/client@1.5.17)':
    dependencies:
      '@redis/client': 1.5.17

  '@scure/base@1.1.7': {}

  '@scure/bip32@1.4.0':
    dependencies:
      '@noble/curves': 1.4.0
      '@noble/hashes': 1.4.0
      '@scure/base': 1.1.7

  '@scure/bip39@1.3.0':
    dependencies:
      '@noble/hashes': 1.4.0
      '@scure/base': 1.1.7

  abitype@1.0.5: {}

  before-exit@1.0.0: {}

  cluster-key-slot@1.1.2: {}

  generic-pool@3.9.0: {}

  hemi-viem@1.1.0:
    dependencies:
      viem: 2.17.3
    transitivePeerDependencies:
      - bufferutil
      - typescript
      - utf-8-validate
      - zod

  isows@1.0.4(ws@8.17.1):
    dependencies:
      ws: 8.17.1

  redis@4.6.15:
    dependencies:
      '@redis/bloom': 1.2.0(@redis/client@1.5.17)
      '@redis/client': 1.5.17
      '@redis/graph': 1.1.1(@redis/client@1.5.17)
      '@redis/json': 1.0.6(@redis/client@1.5.17)
      '@redis/search': 1.1.6(@redis/client@1.5.17)
      '@redis/time-series': 1.0.5(@redis/client@1.5.17)

  viem@2.17.3:
    dependencies:
      '@adraffy/ens-normalize': 1.10.0
      '@noble/curves': 1.4.0
      '@noble/hashes': 1.4.0
      '@scure/bip32': 1.4.0
      '@scure/bip39': 1.3.0
      abitype: 1.0.5
      isows: 1.0.4(ws@8.17.1)
      ws: 8.17.1
    transitivePeerDependencies:
      - bufferutil
      - utf-8-validate
      - zod

  ws@8.17.1: {}

  yallist@4.0.0: {}
